
Microsoft Visual Studio Solution File, Format Version 11.00
# Visual Studio 2010
# SharpDevelop 4.4
Project("{FAE04EC0-301F-11D3-BF4B-00C04F79EFBC}") = "igor_practice", "igor_practice\igor_practice.csproj", "{70DA5110-DCF4-4B5A-9D74-3C9A487D7747}"
EndProject
Global
	GlobalSection(SolutionConfigurationPlatforms) = preSolution
		Debug|Any CPU = Debug|Any CPU
		Release|Any CPU = Release|Any CPU
	EndGlobalSection
	GlobalSection(ProjectConfigurationPlatforms) = postSolution
		{70DA5110-DCF4-4B5A-9D74-3C9A487D7747}.Debug|Any CPU.Build.0 = Debug|Any CPU
		{70DA5110-DCF4-4B5A-9D74-3C9A487D7747}.Debug|Any CPU.ActiveCfg = Debug|Any CPU
		{70DA5110-DCF4-4B5A-9D74-3C9A487D7747}.Release|Any CPU.Build.0 = Release|Any CPU
		{70DA5110-DCF4-4B5A-9D74-3C9A487D7747}.Release|Any CPU.ActiveCfg = Release|Any CPU
	EndGlobalSection
EndGlobal
